
Microsoft Visual Studio Solution File, Format Version 12.00
# Visual Studio Express 2012 for Windows Desktop
Project("{FAE04EC0-301F-11D3-BF4B-00C04F79EFBC}") = "1.FighterAttack", "1.FighterAttack\1.FighterAttack.csproj", "{3D4AF1FE-32AE-4C44-B287-492C8BAB9E2E}"
EndProject
Project("{FAE04EC0-301F-11D3-BF4B-00C04F79EFBC}") = "2.AstrologicalDigits", "2.AstrologicalDigits\2.AstrologicalDigits.csproj", "{66C0246A-A982-4891-BA6E-20C97532450E}"
EndProject
Project("{FAE04EC0-301F-11D3-BF4B-00C04F79EFBC}") = "3.SandGlass", "3.SandGlass\3.SandGlass.csproj", "{4422F889-8E79-49D7-92F2-122463618A79}"
EndProject
Project("{FAE04EC0-301F-11D3-BF4B-00C04F79EFBC}") = "4.DancingBits", "4.DancingBits\4.DancingBits.csproj", "{C896C70C-DE92-4E0F-9768-EE12204FD972}"
EndProject
Project("{FAE04EC0-301F-11D3-BF4B-00C04F79EFBC}") = "5.Lines", "5.Lines\5.Lines.csproj", "{E78EBDDD-8296-4FD9-B6C1-B8BE60377B67}"
EndProject
Global
	GlobalSection(SolutionConfigurationPlatforms) = preSolution
		Debug|Any CPU = Debug|Any CPU
		Release|Any CPU = Release|Any CPU
	EndGlobalSection
	GlobalSection(ProjectConfigurationPlatforms) = postSolution
		{3D4AF1FE-32AE-4C44-B287-492C8BAB9E2E}.Debug|Any CPU.ActiveCfg = Debug|Any CPU
		{3D4AF1FE-32AE-4C44-B287-492C8BAB9E2E}.Debug|Any CPU.Build.0 = Debug|Any CPU
		{3D4AF1FE-32AE-4C44-B287-492C8BAB9E2E}.Release|Any CPU.ActiveCfg = Release|Any CPU
		{3D4AF1FE-32AE-4C44-B287-492C8BAB9E2E}.Release|Any CPU.Build.0 = Release|Any CPU
		{66C0246A-A982-4891-BA6E-20C97532450E}.Debug|Any CPU.ActiveCfg = Debug|Any CPU
		{66C0246A-A982-4891-BA6E-20C97532450E}.Debug|Any CPU.Build.0 = Debug|Any CPU
		{66C0246A-A982-4891-BA6E-20C97532450E}.Release|Any CPU.ActiveCfg = Release|Any CPU
		{66C0246A-A982-4891-BA6E-20C97532450E}.Release|Any CPU.Build.0 = Release|Any CPU
		{4422F889-8E79-49D7-92F2-122463618A79}.Debug|Any CPU.ActiveCfg = Debug|Any CPU
		{4422F889-8E79-49D7-92F2-122463618A79}.Debug|Any CPU.Build.0 = Debug|Any CPU
		{4422F889-8E79-49D7-92F2-122463618A79}.Release|Any CPU.ActiveCfg = Release|Any CPU
		{4422F889-8E79-49D7-92F2-122463618A79}.Release|Any CPU.Build.0 = Release|Any CPU
		{C896C70C-DE92-4E0F-9768-EE12204FD972}.Debug|Any CPU.ActiveCfg = Debug|Any CPU
		{C896C70C-DE92-4E0F-9768-EE12204FD972}.Debug|Any CPU.Build.0 = Debug|Any CPU
		{C896C70C-DE92-4E0F-9768-EE12204FD972}.Release|Any CPU.ActiveCfg = Release|Any CPU
		{C896C70C-DE92-4E0F-9768-EE12204FD972}.Release|Any CPU.Build.0 = Release|Any CPU
		{E78EBDDD-8296-4FD9-B6C1-B8BE60377B67}.Debug|Any CPU.ActiveCfg = Debug|Any CPU
		{E78EBDDD-8296-4FD9-B6C1-B8BE60377B67}.Debug|Any CPU.Build.0 = Debug|Any CPU
		{E78EBDDD-8296-4FD9-B6C1-B8BE60377B67}.Release|Any CPU.ActiveCfg = Release|Any CPU
		{E78EBDDD-8296-4FD9-B6C1-B8BE60377B67}.Release|Any CPU.Build.0 = Release|Any CPU
	EndGlobalSection
	GlobalSection(SolutionProperties) = preSolution
		HideSolutionNode = FALSE
	EndGlobalSection
EndGlobal
