
Microsoft Visual Studio Solution File, Format Version 12.00
# Visual Studio 2012
Project("{FAE04EC0-301F-11D3-BF4B-00C04F79EFBC}") = "0.ClassDemo", "2_PrimitiveTypes_parlakov_v1\0.ClassDemo.csproj", "{BD26DD32-64B0-4473-9BD9-08A512E29629}"
EndProject
Project("{FAE04EC0-301F-11D3-BF4B-00C04F79EFBC}") = "1.PrimitiveTypes", "1.PrimitiveTypes\1.PrimitiveTypes.csproj", "{BDF765AD-7D59-4E6A-921F-738A61412619}"
EndProject
Project("{FAE04EC0-301F-11D3-BF4B-00C04F79EFBC}") = "2.RealNumberValues", "2.RealNumberValues\2.RealNumberValues.csproj", "{50686913-C8CE-4548-A3D3-65A25F982183}"
EndProject
Project("{FAE04EC0-301F-11D3-BF4B-00C04F79EFBC}") = "3.CompareFloatSafely", "3.CompareFloatSafely\3.CompareFloatSafely.csproj", "{3118E5D8-B0B7-45D3-B8FE-4A4EC1166C32}"
EndProject
Project("{FAE04EC0-301F-11D3-BF4B-00C04F79EFBC}") = "4.HexFromInt", "4.HexFromInt\4.HexFromInt.csproj", "{21A4A618-FCFF-4C00-8B9E-C29214EC48D8}"
EndProject
Project("{FAE04EC0-301F-11D3-BF4B-00C04F79EFBC}") = "5.CharFromHex", "5.CharFromHex\5.CharFromHex.csproj", "{1714473D-15E5-48DF-8115-3A45FB728C85}"
EndProject
Project("{FAE04EC0-301F-11D3-BF4B-00C04F79EFBC}") = "6.IsFemale", "6.IsFemale\6.IsFemale.csproj", "{E29D5864-221A-45D4-A4E0-E22CEA96A53F}"
EndProject
Project("{FAE04EC0-301F-11D3-BF4B-00C04F79EFBC}") = "7.StringsFirst", "7.StringsFirst\7.StringsFirst.csproj", "{E904BB71-7876-4239-959A-EFB650081157}"
EndProject
Global
	GlobalSection(SolutionConfigurationPlatforms) = preSolution
		Debug|Any CPU = Debug|Any CPU
		Release|Any CPU = Release|Any CPU
	EndGlobalSection
	GlobalSection(ProjectConfigurationPlatforms) = postSolution
		{1714473D-15E5-48DF-8115-3A45FB728C85}.Debug|Any CPU.ActiveCfg = Debug|Any CPU
		{1714473D-15E5-48DF-8115-3A45FB728C85}.Debug|Any CPU.Build.0 = Debug|Any CPU
		{1714473D-15E5-48DF-8115-3A45FB728C85}.Release|Any CPU.ActiveCfg = Release|Any CPU
		{1714473D-15E5-48DF-8115-3A45FB728C85}.Release|Any CPU.Build.0 = Release|Any CPU
		{21A4A618-FCFF-4C00-8B9E-C29214EC48D8}.Debug|Any CPU.ActiveCfg = Debug|Any CPU
		{21A4A618-FCFF-4C00-8B9E-C29214EC48D8}.Debug|Any CPU.Build.0 = Debug|Any CPU
		{21A4A618-FCFF-4C00-8B9E-C29214EC48D8}.Release|Any CPU.ActiveCfg = Release|Any CPU
		{21A4A618-FCFF-4C00-8B9E-C29214EC48D8}.Release|Any CPU.Build.0 = Release|Any CPU
		{3118E5D8-B0B7-45D3-B8FE-4A4EC1166C32}.Debug|Any CPU.ActiveCfg = Debug|Any CPU
		{3118E5D8-B0B7-45D3-B8FE-4A4EC1166C32}.Debug|Any CPU.Build.0 = Debug|Any CPU
		{3118E5D8-B0B7-45D3-B8FE-4A4EC1166C32}.Release|Any CPU.ActiveCfg = Release|Any CPU
		{3118E5D8-B0B7-45D3-B8FE-4A4EC1166C32}.Release|Any CPU.Build.0 = Release|Any CPU
		{50686913-C8CE-4548-A3D3-65A25F982183}.Debug|Any CPU.ActiveCfg = Debug|Any CPU
		{50686913-C8CE-4548-A3D3-65A25F982183}.Debug|Any CPU.Build.0 = Debug|Any CPU
		{50686913-C8CE-4548-A3D3-65A25F982183}.Release|Any CPU.ActiveCfg = Release|Any CPU
		{50686913-C8CE-4548-A3D3-65A25F982183}.Release|Any CPU.Build.0 = Release|Any CPU
		{BD26DD32-64B0-4473-9BD9-08A512E29629}.Debug|Any CPU.ActiveCfg = Debug|Any CPU
		{BD26DD32-64B0-4473-9BD9-08A512E29629}.Debug|Any CPU.Build.0 = Debug|Any CPU
		{BD26DD32-64B0-4473-9BD9-08A512E29629}.Release|Any CPU.ActiveCfg = Release|Any CPU
		{BD26DD32-64B0-4473-9BD9-08A512E29629}.Release|Any CPU.Build.0 = Release|Any CPU
		{BDF765AD-7D59-4E6A-921F-738A61412619}.Debug|Any CPU.ActiveCfg = Debug|Any CPU
		{BDF765AD-7D59-4E6A-921F-738A61412619}.Debug|Any CPU.Build.0 = Debug|Any CPU
		{BDF765AD-7D59-4E6A-921F-738A61412619}.Release|Any CPU.ActiveCfg = Release|Any CPU
		{BDF765AD-7D59-4E6A-921F-738A61412619}.Release|Any CPU.Build.0 = Release|Any CPU
		{E29D5864-221A-45D4-A4E0-E22CEA96A53F}.Debug|Any CPU.ActiveCfg = Debug|Any CPU
		{E29D5864-221A-45D4-A4E0-E22CEA96A53F}.Debug|Any CPU.Build.0 = Debug|Any CPU
		{E29D5864-221A-45D4-A4E0-E22CEA96A53F}.Release|Any CPU.ActiveCfg = Release|Any CPU
		{E29D5864-221A-45D4-A4E0-E22CEA96A53F}.Release|Any CPU.Build.0 = Release|Any CPU
		{E904BB71-7876-4239-959A-EFB650081157}.Debug|Any CPU.ActiveCfg = Debug|Any CPU
		{E904BB71-7876-4239-959A-EFB650081157}.Debug|Any CPU.Build.0 = Debug|Any CPU
		{E904BB71-7876-4239-959A-EFB650081157}.Release|Any CPU.ActiveCfg = Release|Any CPU
		{E904BB71-7876-4239-959A-EFB650081157}.Release|Any CPU.Build.0 = Release|Any CPU
	EndGlobalSection
	GlobalSection(SolutionProperties) = preSolution
		HideSolutionNode = FALSE
	EndGlobalSection
	GlobalSection(Performance) = preSolution
		HasPerformanceSessions = true
	EndGlobalSection
EndGlobal
